<?xml version="1.0" encoding="utf-8"?>
<Project ToolsVersion="16.0" xmlns="http://schemas.microsoft.com/developer/msbuild/2003">
  <ItemGroup>
    <CustomBuild Include="C:\Users\Tobias\Desktop\Ray\libs\glm\CMakeFiles\aae8dbbcd65cf6a80f0f9b4f0bf5df5b\RUN_TESTS_force.rule">
      <Filter>CMake Rules</Filter>
    </CustomBuild>
  </ItemGroup>
  <ItemGroup>
    <Filter Include="CMake Rules">
      <UniqueIdentifier>{09833355-41D2-304B-B5C4-AA97C217A0B3}</UniqueIdentifier>
    </Filter>
  </ItemGroup>
</Project>
